{
    "_meta": {
        "hash": {
            "sha256": "f3ad62809b64377e1e139358d9213157371b1957f3bf9d46f4cd76e94d788555"
        },
        "pipfile-spec": 6,
        "requires": {
            "python_version": "3.9"
        },
        "sources": [
            {
                "name": "custom",
                "url": "https://pypi.tuna.tsinghua.edu.cn/simple",
                "verify_ssl": true
            }
        ]
    },
    "default": {},
    "develop": {}
}
